<?xml version="1.0" encoding="utf-8"?>
<Project ToolsVersion="4.0" xmlns="http://schemas.microsoft.com/developer/msbuild/2003">
  <ItemGroup>
    <Filter Include="src">
      <UniqueIdentifier>{2DAB880B-99B4-887C-2230-9F7C8E38947C}</UniqueIdentifier>
    </Filter>
    <Filter Include="src\Pearly">
      <UniqueIdentifier>{495F3527-3517-7774-9E1E-50D08AF51165}</UniqueIdentifier>
    </Filter>
    <Filter Include="src\Pearly\Core">
      <UniqueIdentifier>{41792A38-AD04-98FC-B615-1BF12220F4FC}</UniqueIdentifier>
    </Filter>
    <Filter Include="src\Pearly\Debug">
      <UniqueIdentifier>{7FFC853D-6BF5-A48F-9427-8A14807F849B}</UniqueIdentifier>
    </Filter>
    <Filter Include="src\Pearly\Events">
      <UniqueIdentifier>{0DDFCFF1-79F5-CD87-C26C-59A92EC29E0F}</UniqueIdentifier>
    </Filter>
    <Filter Include="src\Pearly\Renderer">
      <UniqueIdentifier>{0FE53E9C-7B46-1CAA-04B4-625C70145369}</UniqueIdentifier>
    </Filter>
    <Filter Include="src\Platform">
      <UniqueIdentifier>{21CA02E5-0D2D-9289-B6B2-CA3FA2F45D0C}</UniqueIdentifier>
    </Filter>
    <Filter Include="src\Platform\OpenGL">
      <UniqueIdentifier>{35A49437-A105-7245-2A73-B8F796D3A804}</UniqueIdentifier>
    </Filter>
    <Filter Include="src\Platform\Windows">
      <UniqueIdentifier>{5B054582-4794-CE4B-F0B2-E246DC20DFF1}</UniqueIdentifier>
    </Filter>
    <Filter Include="vendor">
      <UniqueIdentifier>{B3738122-9F15-ACF8-88D0-BF4C74113349}</UniqueIdentifier>
    </Filter>
    <Filter Include="vendor\stb_image">
      <UniqueIdentifier>{0DA0BA59-F998-D9AB-22CB-BE300E23B9B7}</UniqueIdentifier>
    </Filter>
  </ItemGroup>
  <ItemGroup>
    <ClInclude Include="src\Pearly.h">
      <Filter>src</Filter>
    </ClInclude>
    <ClInclude Include="src\Pearly\Core\Application.h">
      <Filter>src\Pearly\Core</Filter>
    </ClInclude>
    <ClInclude Include="src\Pearly\Core\Core.h">
      <Filter>src\Pearly\Core</Filter>
    </ClInclude>
    <ClInclude Include="src\Pearly\Core\EntryPoint.h">
      <Filter>src\Pearly\Core</Filter>
    </ClInclude>
    <ClInclude Include="src\Pearly\Core\Input.h">
      <Filter>src\Pearly\Core</Filter>
    </ClInclude>
    <ClInclude Include="src\Pearly\Core\KeyCodes.h">
      <Filter>src\Pearly\Core</Filter>
    </ClInclude>
    <ClInclude Include="src\Pearly\Core\Layer.h">
      <Filter>src\Pearly\Core</Filter>
    </ClInclude>
    <ClInclude Include="src\Pearly\Core\LayerStack.h">
      <Filter>src\Pearly\Core</Filter>
    </ClInclude>
    <ClInclude Include="src\Pearly\Core\Log.h">
      <Filter>src\Pearly\Core</Filter>
    </ClInclude>
    <ClInclude Include="src\Pearly\Core\MouseButtonCodes.h">
      <Filter>src\Pearly\Core</Filter>
    </ClInclude>
    <ClInclude Include="src\Pearly\Core\Timestep.h">
      <Filter>src\Pearly\Core</Filter>
    </ClInclude>
    <ClInclude Include="src\Pearly\Core\Window.h">
      <Filter>src\Pearly\Core</Filter>
    </ClInclude>
    <ClInclude Include="src\Pearly\Debug\ImGuiLayer.h">
      <Filter>src\Pearly\Debug</Filter>
    </ClInclude>
    <ClInclude Include="src\Pearly\Events\Event.h">
      <Filter>src\Pearly\Events</Filter>
    </ClInclude>
    <ClInclude Include="src\Pearly\Events\KeyEvents.h">
      <Filter>src\Pearly\Events</Filter>
    </ClInclude>
    <ClInclude Include="src\Pearly\Events\MouseEvents.h">
      <Filter>src\Pearly\Events</Filter>
    </ClInclude>
    <ClInclude Include="src\Pearly\Events\WindowEvents.h">
      <Filter>src\Pearly\Events</Filter>
    </ClInclude>
    <ClInclude Include="src\Pearly\Renderer\Buffer.h">
      <Filter>src\Pearly\Renderer</Filter>
    </ClInclude>
    <ClInclude Include="src\Pearly\Renderer\GraphicsContext.h">
      <Filter>src\Pearly\Renderer</Filter>
    </ClInclude>
    <ClInclude Include="src\Pearly\Renderer\OrthographicCamera.h">
      <Filter>src\Pearly\Renderer</Filter>
    </ClInclude>
    <ClInclude Include="src\Pearly\Renderer\OrthographicCameraController.h">
      <Filter>src\Pearly\Renderer</Filter>
    </ClInclude>
    <ClInclude Include="src\Pearly\Renderer\RenderCommand.h">
      <Filter>src\Pearly\Renderer</Filter>
    </ClInclude>
    <ClInclude Include="src\Pearly\Renderer\Renderer.h">
      <Filter>src\Pearly\Renderer</Filter>
    </ClInclude>
    <ClInclude Include="src\Pearly\Renderer\RendererAPI.h">
      <Filter>src\Pearly\Renderer</Filter>
    </ClInclude>
    <ClInclude Include="src\Pearly\Renderer\Shader.h">
      <Filter>src\Pearly\Renderer</Filter>
    </ClInclude>
    <ClInclude Include="src\Pearly\Renderer\Texture.h">
      <Filter>src\Pearly\Renderer</Filter>
    </ClInclude>
    <ClInclude Include="src\Pearly\Renderer\VertexArray.h">
      <Filter>src\Pearly\Renderer</Filter>
    </ClInclude>
    <ClInclude Include="src\Platform\OpenGL\OpenGLBuffer.h">
      <Filter>src\Platform\OpenGL</Filter>
    </ClInclude>
    <ClInclude Include="src\Platform\OpenGL\OpenGLContext.h">
      <Filter>src\Platform\OpenGL</Filter>
    </ClInclude>
    <ClInclude Include="src\Platform\OpenGL\OpenGLRendererAPI.h">
      <Filter>src\Platform\OpenGL</Filter>
    </ClInclude>
    <ClInclude Include="src\Platform\OpenGL\OpenGLShader.h">
      <Filter>src\Platform\OpenGL</Filter>
    </ClInclude>
    <ClInclude Include="src\Platform\OpenGL\OpenGLTexture.h">
      <Filter>src\Platform\OpenGL</Filter>
    </ClInclude>
    <ClInclude Include="src\Platform\OpenGL\OpenGLVertexArray.h">
      <Filter>src\Platform\OpenGL</Filter>
    </ClInclude>
    <ClInclude Include="src\Platform\Windows\WindowsInput.h">
      <Filter>src\Platform\Windows</Filter>
    </ClInclude>
    <ClInclude Include="src\Platform\Windows\WindowsWindow.h">
      <Filter>src\Platform\Windows</Filter>
    </ClInclude>
    <ClInclude Include="src\prpch.h">
      <Filter>src</Filter>
    </ClInclude>
    <ClInclude Include="vendor\stb_image\stb_image.h">
      <Filter>vendor\stb_image</Filter>
    </ClInclude>
  </ItemGroup>
  <ItemGroup>
    <ClCompile Include="src\Pearly\Core\Application.cpp">
      <Filter>src\Pearly\Core</Filter>
    </ClCompile>
    <ClCompile Include="src\Pearly\Core\Layer.cpp">
      <Filter>src\Pearly\Core</Filter>
    </ClCompile>
    <ClCompile Include="src\Pearly\Core\LayerStack.cpp">
      <Filter>src\Pearly\Core</Filter>
    </ClCompile>
    <ClCompile Include="src\Pearly\Core\Log.cpp">
      <Filter>src\Pearly\Core</Filter>
    </ClCompile>
    <ClCompile Include="src\Pearly\Debug\ImGuiBuild.cpp">
      <Filter>src\Pearly\Debug</Filter>
    </ClCompile>
    <ClCompile Include="src\Pearly\Debug\ImGuiLayer.cpp">
      <Filter>src\Pearly\Debug</Filter>
    </ClCompile>
    <ClCompile Include="src\Pearly\Renderer\Buffer.cpp">
      <Filter>src\Pearly\Renderer</Filter>
    </ClCompile>
    <ClCompile Include="src\Pearly\Renderer\OrthographicCamera.cpp">
      <Filter>src\Pearly\Renderer</Filter>
    </ClCompile>
    <ClCompile Include="src\Pearly\Renderer\OrthographicCameraController.cpp">
      <Filter>src\Pearly\Renderer</Filter>
    </ClCompile>
    <ClCompile Include="src\Pearly\Renderer\RenderCommand.cpp">
      <Filter>src\Pearly\Renderer</Filter>
    </ClCompile>
    <ClCompile Include="src\Pearly\Renderer\Renderer.cpp">
      <Filter>src\Pearly\Renderer</Filter>
    </ClCompile>
    <ClCompile Include="src\Pearly\Renderer\RendererAPI.cpp">
      <Filter>src\Pearly\Renderer</Filter>
    </ClCompile>
    <ClCompile Include="src\Pearly\Renderer\Shader.cpp">
      <Filter>src\Pearly\Renderer</Filter>
    </ClCompile>
    <ClCompile Include="src\Pearly\Renderer\Texture.cpp">
      <Filter>src\Pearly\Renderer</Filter>
    </ClCompile>
    <ClCompile Include="src\Pearly\Renderer\VertexArray.cpp">
      <Filter>src\Pearly\Renderer</Filter>
    </ClCompile>
    <ClCompile Include="src\Platform\OpenGL\OpenGLBuffer.cpp">
      <Filter>src\Platform\OpenGL</Filter>
    </ClCompile>
    <ClCompile Include="src\Platform\OpenGL\OpenGLContext.cpp">
      <Filter>src\Platform\OpenGL</Filter>
    </ClCompile>
    <ClCompile Include="src\Platform\OpenGL\OpenGLRendererAPI.cpp">
      <Filter>src\Platform\OpenGL</Filter>
    </ClCompile>
    <ClCompile Include="src\Platform\OpenGL\OpenGLShader.cpp">
      <Filter>src\Platform\OpenGL</Filter>
    </ClCompile>
    <ClCompile Include="src\Platform\OpenGL\OpenGLTexture.cpp">
      <Filter>src\Platform\OpenGL</Filter>
    </ClCompile>
    <ClCompile Include="src\Platform\OpenGL\OpenGLVertexArray.cpp">
      <Filter>src\Platform\OpenGL</Filter>
    </ClCompile>
    <ClCompile Include="src\Platform\Windows\WindowsInput.cpp">
      <Filter>src\Platform\Windows</Filter>
    </ClCompile>
    <ClCompile Include="src\Platform\Windows\WindowsWindow.cpp">
      <Filter>src\Platform\Windows</Filter>
    </ClCompile>
    <ClCompile Include="src\prpch.cpp">
      <Filter>src</Filter>
    </ClCompile>
    <ClCompile Include="vendor\stb_image\stb_image.cpp">
      <Filter>vendor\stb_image</Filter>
    </ClCompile>
  </ItemGroup>
</Project>