<?xml version="1.0" encoding="utf-8"?>
<Project ToolsVersion="4.0" xmlns="http://schemas.microsoft.com/developer/msbuild/2003">
  <ItemGroup>
    <Filter Include="Pearly">
      <UniqueIdentifier>{1286D6C9-FE27-01A0-E7E2-14F4D32388F0}</UniqueIdentifier>
    </Filter>
    <Filter Include="Pearly\Events">
      <UniqueIdentifier>{B6699A7A-222A-16B1-EB64-5F2E57E45A8D}</UniqueIdentifier>
    </Filter>
    <Filter Include="Platform">
      <UniqueIdentifier>{2AC788B4-1694-E3BF-3FAD-D1672BD9184E}</UniqueIdentifier>
    </Filter>
    <Filter Include="Platform\Windows">
      <UniqueIdentifier>{64FBD71A-50F4-F66C-7926-DCF1657ED678}</UniqueIdentifier>
    </Filter>
  </ItemGroup>
  <ItemGroup>
    <ClInclude Include="src\Pearly.h" />
    <ClInclude Include="src\Pearly\Application.h">
      <Filter>Pearly</Filter>
    </ClInclude>
    <ClInclude Include="src\Pearly\Core.h">
      <Filter>Pearly</Filter>
    </ClInclude>
    <ClInclude Include="src\Pearly\EntryPoint.h">
      <Filter>Pearly</Filter>
    </ClInclude>
    <ClInclude Include="src\Pearly\Events\Event.h">
      <Filter>Pearly\Events</Filter>
    </ClInclude>
    <ClInclude Include="src\Pearly\Events\KeyEvents.h">
      <Filter>Pearly\Events</Filter>
    </ClInclude>
    <ClInclude Include="src\Pearly\Events\MouseEvents.h">
      <Filter>Pearly\Events</Filter>
    </ClInclude>
    <ClInclude Include="src\Pearly\Events\WindowEvents.h">
      <Filter>Pearly\Events</Filter>
    </ClInclude>
    <ClInclude Include="src\Pearly\Layer.h">
      <Filter>Pearly</Filter>
    </ClInclude>
    <ClInclude Include="src\Pearly\LayerStack.h">
      <Filter>Pearly</Filter>
    </ClInclude>
    <ClInclude Include="src\Pearly\Log.h">
      <Filter>Pearly</Filter>
    </ClInclude>
    <ClInclude Include="src\Pearly\Window.h">
      <Filter>Pearly</Filter>
    </ClInclude>
    <ClInclude Include="src\Platform\Windows\WindowsWindow.h">
      <Filter>Platform\Windows</Filter>
    </ClInclude>
    <ClInclude Include="src\prpch.h" />
  </ItemGroup>
  <ItemGroup>
    <ClCompile Include="src\Pearly\Application.cpp">
      <Filter>Pearly</Filter>
    </ClCompile>
    <ClCompile Include="src\Pearly\Layer.cpp">
      <Filter>Pearly</Filter>
    </ClCompile>
    <ClCompile Include="src\Pearly\LayerStack.cpp">
      <Filter>Pearly</Filter>
    </ClCompile>
    <ClCompile Include="src\Pearly\Log.cpp">
      <Filter>Pearly</Filter>
    </ClCompile>
    <ClCompile Include="src\Platform\Windows\WindowsWindow.cpp">
      <Filter>Platform\Windows</Filter>
    </ClCompile>
    <ClCompile Include="src\prpch.cpp" />
  </ItemGroup>
</Project>